
Microsoft Visual Studio Solution File, Format Version 12.00
# Visual Studio Version 16
VisualStudioVersion = 16.0.28803.156
MinimumVisualStudioVersion = 10.0.40219.1
Project("{9A19103F-16F7-4668-BE54-9A1E7A4F7556}") = "ApiTest", "ApiTest\ApiTest.csproj", "{CABFF606-6830-433C-B35F-3A95A0382DD4}"
EndProject
Project("{9A19103F-16F7-4668-BE54-9A1E7A4F7556}") = "UnitTests", "UnitTests\UnitTests.csproj", "{6F340301-2472-4FB3-9DE6-0A99EE5A16BA}"
EndProject
Global
	GlobalSection(SolutionConfigurationPlatforms) = preSolution
		Debug|Any CPU = Debug|Any CPU
		Release|Any CPU = Release|Any CPU
	EndGlobalSection
	GlobalSection(ProjectConfigurationPlatforms) = postSolution
		{CABFF606-6830-433C-B35F-3A95A0382DD4}.Debug|Any CPU.ActiveCfg = Debug|Any CPU
		{CABFF606-6830-433C-B35F-3A95A0382DD4}.Debug|Any CPU.Build.0 = Debug|Any CPU
		{CABFF606-6830-433C-B35F-3A95A0382DD4}.Release|Any CPU.ActiveCfg = Release|Any CPU
		{CABFF606-6830-433C-B35F-3A95A0382DD4}.Release|Any CPU.Build.0 = Release|Any CPU
		{6F340301-2472-4FB3-9DE6-0A99EE5A16BA}.Debug|Any CPU.ActiveCfg = Debug|Any CPU
		{6F340301-2472-4FB3-9DE6-0A99EE5A16BA}.Debug|Any CPU.Build.0 = Debug|Any CPU
		{6F340301-2472-4FB3-9DE6-0A99EE5A16BA}.Release|Any CPU.ActiveCfg = Release|Any CPU
		{6F340301-2472-4FB3-9DE6-0A99EE5A16BA}.Release|Any CPU.Build.0 = Release|Any CPU
	EndGlobalSection
	GlobalSection(SolutionProperties) = preSolution
		HideSolutionNode = FALSE
	EndGlobalSection
	GlobalSection(ExtensibilityGlobals) = postSolution
		SolutionGuid = {DE9F4B4F-53BD-4B12-A38A-54E46C42466F}
	EndGlobalSection
EndGlobal
